{
  "name": "sreact-router",
  "version": "0.0.1",
  "lockfileVersion": 2,
  "requires": true,
  "packages": {
    "": {
      "name": "sreact-router",
      "version": "0.0.1",
      "license": "MIT",
      "dependencies": {
        "orve": "^0.6.3"
      }
    },
    "../sreact": {
      "version": "0.0.1",
      "extraneous": true,
      "license": "MIT",
      "dependencies": {
        "root-require": "^0.3.1",
        "to-style": "^1.3.3"
      },
      "devDependencies": {
        "@types/node": "^18.7.23",
        "eslint": "^8.24.0",
        "typescript": "^4.8.4"
      }
    },
    "node_modules/orve": {
      "version": "0.6.3",
      "resolved": "https://repo.corp.tander.ru/repository/npmjs/orve/-/orve-0.6.3.tgz",
      "integrity": "sha512-m6ZBObcqIEVnN2LcJVBp6EYtsvLx01lzdAMHY2x6+f+Ns6wOp1wcda4zCJkcJxpeG/aPZai8fa+oxg05luEQFA==",
      "license": "MIT",
      "dependencies": {
        "react-style-object-to-css": "^1.1.2",
        "root-require": "^0.3.1"
      }
    },
    "node_modules/packpath": {
      "version": "0.1.0",
      "resolved": "https://repo.corp.tander.ru/repository/npmjs/packpath/-/packpath-0.1.0.tgz",
      "integrity": "sha512-6E+ncOyZ83bDW/3TFriKpz8XENvpG56Yt3di3KjyYaJV5deZ4o0OmwvFThHrscugBfGQqTWOGnf2IoEecJewuA=="
    },
    "node_modules/react-style-object-to-css": {
      "version": "1.1.2",
      "resolved": "https://repo.corp.tander.ru/repository/npmjs/react-style-object-to-css/-/react-style-object-to-css-1.1.2.tgz",
      "integrity": "sha512-+5MFULqCCj7wwJJ/ISKFP91ZlHVF1Rv8o0neiTKvt21XDTU5e34tc8hy+XPLeYWYOupdHt25HxxwocvYm3HM6A==",
      "license": "MIT"
    },
    "node_modules/root-require": {
      "version": "0.3.1",
      "resolved": "https://repo.corp.tander.ru/repository/npmjs/root-require/-/root-require-0.3.1.tgz",
      "integrity": "sha512-ELHRna2cNq2HK6BxBGgyLtNCb4ltsQc0Y03ihTlb0VGR4f3zTVZ3soiu215Oqxfwncd5teOEk3sQkD8uHQBZBw==",
      "license": "MIT",
      "dependencies": {
        "packpath": "~0.1.0"
      }
    }
  },
  "dependencies": {
    "orve": {
      "version": "0.6.3",
      "resolved": "https://repo.corp.tander.ru/repository/npmjs/orve/-/orve-0.6.3.tgz",
      "integrity": "sha512-m6ZBObcqIEVnN2LcJVBp6EYtsvLx01lzdAMHY2x6+f+Ns6wOp1wcda4zCJkcJxpeG/aPZai8fa+oxg05luEQFA==",
      "requires": {
        "react-style-object-to-css": "^1.1.2",
        "root-require": "^0.3.1"
      }
    },
    "packpath": {
      "version": "0.1.0",
      "resolved": "https://repo.corp.tander.ru/repository/npmjs/packpath/-/packpath-0.1.0.tgz",
      "integrity": "sha512-6E+ncOyZ83bDW/3TFriKpz8XENvpG56Yt3di3KjyYaJV5deZ4o0OmwvFThHrscugBfGQqTWOGnf2IoEecJewuA=="
    },
    "react-style-object-to-css": {
      "version": "1.1.2",
      "resolved": "https://repo.corp.tander.ru/repository/npmjs/react-style-object-to-css/-/react-style-object-to-css-1.1.2.tgz",
      "integrity": "sha512-+5MFULqCCj7wwJJ/ISKFP91ZlHVF1Rv8o0neiTKvt21XDTU5e34tc8hy+XPLeYWYOupdHt25HxxwocvYm3HM6A=="
    },
    "root-require": {
      "version": "0.3.1",
      "resolved": "https://repo.corp.tander.ru/repository/npmjs/root-require/-/root-require-0.3.1.tgz",
      "integrity": "sha512-ELHRna2cNq2HK6BxBGgyLtNCb4ltsQc0Y03ihTlb0VGR4f3zTVZ3soiu215Oqxfwncd5teOEk3sQkD8uHQBZBw==",
      "requires": {
        "packpath": "~0.1.0"
      }
    }
  }
}
