{
  "name": "sreact-router",
  "version": "0.0.1",
  "lockfileVersion": 2,
  "requires": true,
  "packages": {
    "": {
      "name": "sreact-router",
      "version": "0.0.1",
      "license": "MIT",
      "dependencies": {
        "orve": "^0.10.7"
      }
    },
    "../Simple-Reactive-npm": {
      "name": "orve",
      "version": "0.6.4",
      "extraneous": true,
      "license": "MIT",
      "dependencies": {
        "react-style-object-to-css": "^1.1.2",
        "root-require": "^0.3.1"
      },
      "devDependencies": {
        "@types/node": "^18.7.23",
        "eslint": "^8.24.0",
        "typescript": "^4.8.4"
      }
    },
    "../sreact": {
      "name": "orve",
      "version": "0.10.2",
      "extraneous": true,
      "license": "MIT",
      "dependencies": {
        "react-style-object-to-css": "^1.1.2",
        "root-require": "^0.3.1"
      },
      "devDependencies": {
        "@jest/globals": "^29.3.1",
        "@types/node": "^18.7.23",
        "@typescript-eslint/eslint-plugin": "^5.43.0",
        "@typescript-eslint/parser": "^5.43.0",
        "eslint": "^8.24.0",
        "eslint-config-prettier": "^8.5.0",
        "jest-environment-jsdom": "^29.3.1",
        "prettier": "^2.7.1",
        "ts-jest": "^29.0.3",
        "typescript": "^4.8.4"
      }
    },
    "node_modules/orve": {
      "version": "0.10.7",
      "resolved": "https://registry.npmjs.org/orve/-/orve-0.10.7.tgz",
      "integrity": "sha512-DYEJQ3zhH0e5o0dYZWeAZCwxpmhMzxfWmQlsvj4ODOkoLh5EwV0Y5UA1SicpGHXhjL7A7VtujVxuWOF3fVYWVw==",
      "dependencies": {
        "react-style-object-to-css": "^1.1.2",
        "root-require": "^0.3.1"
      }
    },
    "node_modules/packpath": {
      "version": "0.1.0",
      "resolved": "https://registry.npmjs.org/packpath/-/packpath-0.1.0.tgz",
      "integrity": "sha512-6E+ncOyZ83bDW/3TFriKpz8XENvpG56Yt3di3KjyYaJV5deZ4o0OmwvFThHrscugBfGQqTWOGnf2IoEecJewuA=="
    },
    "node_modules/react-style-object-to-css": {
      "version": "1.1.2",
      "resolved": "https://registry.npmjs.org/react-style-object-to-css/-/react-style-object-to-css-1.1.2.tgz",
      "integrity": "sha512-+5MFULqCCj7wwJJ/ISKFP91ZlHVF1Rv8o0neiTKvt21XDTU5e34tc8hy+XPLeYWYOupdHt25HxxwocvYm3HM6A=="
    },
    "node_modules/root-require": {
      "version": "0.3.1",
      "resolved": "https://registry.npmjs.org/root-require/-/root-require-0.3.1.tgz",
      "integrity": "sha512-ELHRna2cNq2HK6BxBGgyLtNCb4ltsQc0Y03ihTlb0VGR4f3zTVZ3soiu215Oqxfwncd5teOEk3sQkD8uHQBZBw==",
      "dependencies": {
        "packpath": "~0.1.0"
      }
    }
  },
  "dependencies": {
    "orve": {
      "version": "0.10.7",
      "resolved": "https://registry.npmjs.org/orve/-/orve-0.10.7.tgz",
      "integrity": "sha512-DYEJQ3zhH0e5o0dYZWeAZCwxpmhMzxfWmQlsvj4ODOkoLh5EwV0Y5UA1SicpGHXhjL7A7VtujVxuWOF3fVYWVw==",
      "requires": {
        "react-style-object-to-css": "^1.1.2",
        "root-require": "^0.3.1"
      }
    },
    "packpath": {
      "version": "0.1.0",
      "resolved": "https://registry.npmjs.org/packpath/-/packpath-0.1.0.tgz",
      "integrity": "sha512-6E+ncOyZ83bDW/3TFriKpz8XENvpG56Yt3di3KjyYaJV5deZ4o0OmwvFThHrscugBfGQqTWOGnf2IoEecJewuA=="
    },
    "react-style-object-to-css": {
      "version": "1.1.2",
      "resolved": "https://registry.npmjs.org/react-style-object-to-css/-/react-style-object-to-css-1.1.2.tgz",
      "integrity": "sha512-+5MFULqCCj7wwJJ/ISKFP91ZlHVF1Rv8o0neiTKvt21XDTU5e34tc8hy+XPLeYWYOupdHt25HxxwocvYm3HM6A=="
    },
    "root-require": {
      "version": "0.3.1",
      "resolved": "https://registry.npmjs.org/root-require/-/root-require-0.3.1.tgz",
      "integrity": "sha512-ELHRna2cNq2HK6BxBGgyLtNCb4ltsQc0Y03ihTlb0VGR4f3zTVZ3soiu215Oqxfwncd5teOEk3sQkD8uHQBZBw==",
      "requires": {
        "packpath": "~0.1.0"
      }
    }
  }
}
