{
  "name": "sreact-router",
  "version": "0.0.1",
  "lockfileVersion": 2,
  "requires": true,
  "packages": {
    "": {
      "name": "sreact-router",
      "version": "0.0.1",
      "license": "MIT",
      "dependencies": {
        "orve": "../orve"
      }
    },
    " ../orve": {
      "extraneous": true
    },
    "../orve": {
      "version": "0.17.1",
      "license": "MIT",
      "dependencies": {
        "react-style-object-to-css": "^1.1.2",
        "root-require": "^0.3.1"
      },
      "devDependencies": {
        "@jest/globals": "^29.3.1",
        "@types/node": "^18.7.23",
        "@typescript-eslint/eslint-plugin": "^5.43.0",
        "@typescript-eslint/parser": "^5.43.0",
        "eslint": "^8.24.0",
        "eslint-config-prettier": "^8.5.0",
        "jest-environment-jsdom": "^29.3.1",
        "prettier": "^2.7.1",
        "ts-jest": "^29.0.3",
        "typescript": "^4.8.4"
      }
    },
    "../Simple-Reactive-npm": {
      "name": "orve",
      "version": "0.6.4",
      "extraneous": true,
      "license": "MIT",
      "dependencies": {
        "react-style-object-to-css": "^1.1.2",
        "root-require": "^0.3.1"
      },
      "devDependencies": {
        "@types/node": "^18.7.23",
        "eslint": "^8.24.0",
        "typescript": "^4.8.4"
      }
    },
    "../sreact": {
      "name": "orve",
      "version": "0.10.2",
      "extraneous": true,
      "license": "MIT",
      "dependencies": {
        "react-style-object-to-css": "^1.1.2",
        "root-require": "^0.3.1"
      },
      "devDependencies": {
        "@jest/globals": "^29.3.1",
        "@types/node": "^18.7.23",
        "@typescript-eslint/eslint-plugin": "^5.43.0",
        "@typescript-eslint/parser": "^5.43.0",
        "eslint": "^8.24.0",
        "eslint-config-prettier": "^8.5.0",
        "jest-environment-jsdom": "^29.3.1",
        "prettier": "^2.7.1",
        "ts-jest": "^29.0.3",
        "typescript": "^4.8.4"
      }
    },
    "node_modules/orve": {
      "resolved": "../orve",
      "link": true
    }
  },
  "dependencies": {
    "orve": {
      "version": "file:../orve",
      "requires": {
        "@jest/globals": "^29.3.1",
        "@types/node": "^18.7.23",
        "@typescript-eslint/eslint-plugin": "^5.43.0",
        "@typescript-eslint/parser": "^5.43.0",
        "eslint": "^8.24.0",
        "eslint-config-prettier": "^8.5.0",
        "jest-environment-jsdom": "^29.3.1",
        "prettier": "^2.7.1",
        "react-style-object-to-css": "^1.1.2",
        "root-require": "^0.3.1",
        "ts-jest": "^29.0.3",
        "typescript": "^4.8.4"
      }
    }
  }
}
